
Microsoft Visual Studio Solution File, Format Version 12.00
# Visual Studio Version 17
VisualStudioVersion = 17.6.33815.320
MinimumVisualStudioVersion = 10.0.40219.1
Project("{FAE04EC0-301F-11D3-BF4B-00C04F79EFBC}") = "MathLibrary", "MathLibrary\MathLibrary.csproj", "{2752E5B4-38C4-4E99-B7D3-D83E2EF58AD2}"
EndProject
Project("{FAE04EC0-301F-11D3-BF4B-00C04F79EFBC}") = "MathLibraryTest", "MathLibraryTest\MathLibraryTest.csproj", "{65F84A53-F8FB-4977-B13B-33E00918BF3C}"
EndProject
Project("{FAE04EC0-301F-11D3-BF4B-00C04F79EFBC}") = "CalculatorForm", "..\practice\CalculatorForm\CalculatorForm.csproj", "{9BCDFCD8-AC90-4233-83F5-96A887DCD53E}"
EndProject
Global
	GlobalSection(SolutionConfigurationPlatforms) = preSolution
		Debug|Any CPU = Debug|Any CPU
		Release|Any CPU = Release|Any CPU
	EndGlobalSection
	GlobalSection(ProjectConfigurationPlatforms) = postSolution
		{2752E5B4-38C4-4E99-B7D3-D83E2EF58AD2}.Debug|Any CPU.ActiveCfg = Debug|Any CPU
		{2752E5B4-38C4-4E99-B7D3-D83E2EF58AD2}.Debug|Any CPU.Build.0 = Debug|Any CPU
		{2752E5B4-38C4-4E99-B7D3-D83E2EF58AD2}.Release|Any CPU.ActiveCfg = Release|Any CPU
		{2752E5B4-38C4-4E99-B7D3-D83E2EF58AD2}.Release|Any CPU.Build.0 = Release|Any CPU
		{65F84A53-F8FB-4977-B13B-33E00918BF3C}.Debug|Any CPU.ActiveCfg = Debug|Any CPU
		{65F84A53-F8FB-4977-B13B-33E00918BF3C}.Debug|Any CPU.Build.0 = Debug|Any CPU
		{65F84A53-F8FB-4977-B13B-33E00918BF3C}.Release|Any CPU.ActiveCfg = Release|Any CPU
		{65F84A53-F8FB-4977-B13B-33E00918BF3C}.Release|Any CPU.Build.0 = Release|Any CPU
		{9BCDFCD8-AC90-4233-83F5-96A887DCD53E}.Debug|Any CPU.ActiveCfg = Debug|Any CPU
		{9BCDFCD8-AC90-4233-83F5-96A887DCD53E}.Debug|Any CPU.Build.0 = Debug|Any CPU
		{9BCDFCD8-AC90-4233-83F5-96A887DCD53E}.Release|Any CPU.ActiveCfg = Release|Any CPU
		{9BCDFCD8-AC90-4233-83F5-96A887DCD53E}.Release|Any CPU.Build.0 = Release|Any CPU
	EndGlobalSection
	GlobalSection(SolutionProperties) = preSolution
		HideSolutionNode = FALSE
	EndGlobalSection
	GlobalSection(ExtensibilityGlobals) = postSolution
		SolutionGuid = {98ECBD3A-BB44-4EF0-B15E-B51E459742D0}
	EndGlobalSection
EndGlobal
